
Microsoft Visual Studio Solution File, Format Version 12.00
# Visual Studio 2012
Project("{FAE04EC0-301F-11D3-BF4B-00C04F79EFBC}") = "ILRepack.MSBuild.Task", "src\ILRepack.MSBuild.Task.csproj", "{DA35CB04-EC12-48DE-B128-59FFCB33B8F9}"
EndProject
Global
	GlobalSection(SolutionConfigurationPlatforms) = preSolution
		Debug|Any CPU = Debug|Any CPU
		Release|Any CPU = Release|Any CPU
	EndGlobalSection
	GlobalSection(ProjectConfigurationPlatforms) = postSolution
		{DA35CB04-EC12-48DE-B128-59FFCB33B8F9}.Debug|Any CPU.ActiveCfg = Debug|Any CPU
		{DA35CB04-EC12-48DE-B128-59FFCB33B8F9}.Debug|Any CPU.Build.0 = Debug|Any CPU
		{DA35CB04-EC12-48DE-B128-59FFCB33B8F9}.Release|Any CPU.ActiveCfg = Release|Any CPU
		{DA35CB04-EC12-48DE-B128-59FFCB33B8F9}.Release|Any CPU.Build.0 = Release|Any CPU
	EndGlobalSection
	GlobalSection(SolutionProperties) = preSolution
		HideSolutionNode = FALSE
	EndGlobalSection
EndGlobal
