
Microsoft Visual Studio Solution File, Format Version 12.00
# Visual Studio 2012
Project("{FAE04EC0-301F-11D3-BF4B-00C04F79EFBC}") = "ILRepack.MSBuild.Task", "src\msbuild\ILRepack.MSBuild.Task.csproj", "{DA35CB04-EC12-48DE-B128-59FFCB33B8F9}"
EndProject
Project("{2150E333-8FDC-42A3-9474-1A3956D46DE8}") = "Deps", "Deps", "{B72EBDE2-44D1-4902-9B9A-73E8EEF4B6C6}"
EndProject
Project("{2150E333-8FDC-42A3-9474-1A3956D46DE8}") = "Solution Items", "Solution Items", "{4547EE79-6D49-4318-B473-B5BBF73B434C}"
	ProjectSection(SolutionItems) = preProject
		deps\ilrepack\build.gradle = deps\ilrepack\build.gradle
		deps\ilrepack\README.md = deps\ilrepack\README.md
	EndProjectSection
EndProject
Project("{FAE04EC0-301F-11D3-BF4B-00C04F79EFBC}") = "Mono.Cecil", "deps\ilrepack\cecil\Mono.Cecil.csproj", "{D68133BD-1E63-496E-9EDE-4FBDBF77B486}"
EndProject
Project("{FAE04EC0-301F-11D3-BF4B-00C04F79EFBC}") = "Mono.Cecil.Pdb", "deps\ilrepack\cecil\symbols\pdb\Mono.Cecil.Pdb.csproj", "{63E6915C-7EA4-4D76-AB28-0D7191EEA626}"
EndProject
Project("{FAE04EC0-301F-11D3-BF4B-00C04F79EFBC}") = "Mono.Cecil.Mdb", "deps\ilrepack\cecil\symbols\mdb\Mono.Cecil.Mdb.csproj", "{8559DD7F-A16F-46D0-A05A-9139FAEBA8FD}"
EndProject
Project("{FAE04EC0-301F-11D3-BF4B-00C04F79EFBC}") = "ILRepack", "deps\ilrepack\ILRepack\ILRepack.csproj", "{4A253A60-D998-4CA2-B9D5-46567A2FBF80}"
EndProject
Project("{2150E333-8FDC-42A3-9474-1A3956D46DE8}") = ".nuget", ".nuget", "{F782A205-0DEC-484D-9F46-400394C91E2D}"
	ProjectSection(SolutionItems) = preProject
		.nuget\packages.config = .nuget\packages.config
	EndProjectSection
EndProject
Global
	GlobalSection(SolutionConfigurationPlatforms) = preSolution
		Debug|Any CPU = Debug|Any CPU
		Debug|x86 = Debug|x86
		Release|Any CPU = Release|Any CPU
		Release|x86 = Release|x86
	EndGlobalSection
	GlobalSection(ProjectConfigurationPlatforms) = postSolution
		{DA35CB04-EC12-48DE-B128-59FFCB33B8F9}.Debug|Any CPU.ActiveCfg = Debug|Any CPU
		{DA35CB04-EC12-48DE-B128-59FFCB33B8F9}.Debug|Any CPU.Build.0 = Debug|Any CPU
		{DA35CB04-EC12-48DE-B128-59FFCB33B8F9}.Debug|x86.ActiveCfg = Debug|Any CPU
		{DA35CB04-EC12-48DE-B128-59FFCB33B8F9}.Release|Any CPU.ActiveCfg = Release|Any CPU
		{DA35CB04-EC12-48DE-B128-59FFCB33B8F9}.Release|Any CPU.Build.0 = Release|Any CPU
		{DA35CB04-EC12-48DE-B128-59FFCB33B8F9}.Release|x86.ActiveCfg = Release|Any CPU
		{D68133BD-1E63-496E-9EDE-4FBDBF77B486}.Debug|Any CPU.ActiveCfg = net_3_5_Debug|Any CPU
		{D68133BD-1E63-496E-9EDE-4FBDBF77B486}.Debug|Any CPU.Build.0 = net_3_5_Debug|Any CPU
		{D68133BD-1E63-496E-9EDE-4FBDBF77B486}.Debug|x86.ActiveCfg = winphone_Debug|Any CPU
		{D68133BD-1E63-496E-9EDE-4FBDBF77B486}.Release|Any CPU.ActiveCfg = net_3_5_Release|Any CPU
		{D68133BD-1E63-496E-9EDE-4FBDBF77B486}.Release|Any CPU.Build.0 = net_3_5_Release|Any CPU
		{D68133BD-1E63-496E-9EDE-4FBDBF77B486}.Release|x86.ActiveCfg = winphone_Release|Any CPU
		{63E6915C-7EA4-4D76-AB28-0D7191EEA626}.Debug|Any CPU.ActiveCfg = net_3_5_Debug|Any CPU
		{63E6915C-7EA4-4D76-AB28-0D7191EEA626}.Debug|Any CPU.Build.0 = net_3_5_Debug|Any CPU
		{63E6915C-7EA4-4D76-AB28-0D7191EEA626}.Debug|x86.ActiveCfg = net_4_0_Debug|Any CPU
		{63E6915C-7EA4-4D76-AB28-0D7191EEA626}.Release|Any CPU.ActiveCfg = net_3_5_Release|Any CPU
		{63E6915C-7EA4-4D76-AB28-0D7191EEA626}.Release|Any CPU.Build.0 = net_3_5_Release|Any CPU
		{63E6915C-7EA4-4D76-AB28-0D7191EEA626}.Release|x86.ActiveCfg = net_4_0_Release|Any CPU
		{8559DD7F-A16F-46D0-A05A-9139FAEBA8FD}.Debug|Any CPU.ActiveCfg = net_3_5_Debug|Any CPU
		{8559DD7F-A16F-46D0-A05A-9139FAEBA8FD}.Debug|Any CPU.Build.0 = net_3_5_Debug|Any CPU
		{8559DD7F-A16F-46D0-A05A-9139FAEBA8FD}.Debug|x86.ActiveCfg = net_4_0_Debug|Any CPU
		{8559DD7F-A16F-46D0-A05A-9139FAEBA8FD}.Release|Any CPU.ActiveCfg = net_3_5_Release|Any CPU
		{8559DD7F-A16F-46D0-A05A-9139FAEBA8FD}.Release|Any CPU.Build.0 = net_3_5_Release|Any CPU
		{8559DD7F-A16F-46D0-A05A-9139FAEBA8FD}.Release|x86.ActiveCfg = net_4_0_Release|Any CPU
		{4A253A60-D998-4CA2-B9D5-46567A2FBF80}.Debug|Any CPU.ActiveCfg = Debug-Library|Any CPU
		{4A253A60-D998-4CA2-B9D5-46567A2FBF80}.Debug|Any CPU.Build.0 = Debug-Library|Any CPU
		{4A253A60-D998-4CA2-B9D5-46567A2FBF80}.Debug|x86.ActiveCfg = Debug|Any CPU
		{4A253A60-D998-4CA2-B9D5-46567A2FBF80}.Release|Any CPU.ActiveCfg = Release-Library|Any CPU
		{4A253A60-D998-4CA2-B9D5-46567A2FBF80}.Release|Any CPU.Build.0 = Release-Library|Any CPU
		{4A253A60-D998-4CA2-B9D5-46567A2FBF80}.Release|x86.ActiveCfg = Release|Any CPU
	EndGlobalSection
	GlobalSection(SolutionProperties) = preSolution
		HideSolutionNode = FALSE
	EndGlobalSection
	GlobalSection(NestedProjects) = preSolution
		{4547EE79-6D49-4318-B473-B5BBF73B434C} = {B72EBDE2-44D1-4902-9B9A-73E8EEF4B6C6}
		{D68133BD-1E63-496E-9EDE-4FBDBF77B486} = {B72EBDE2-44D1-4902-9B9A-73E8EEF4B6C6}
		{63E6915C-7EA4-4D76-AB28-0D7191EEA626} = {B72EBDE2-44D1-4902-9B9A-73E8EEF4B6C6}
		{8559DD7F-A16F-46D0-A05A-9139FAEBA8FD} = {B72EBDE2-44D1-4902-9B9A-73E8EEF4B6C6}
		{4A253A60-D998-4CA2-B9D5-46567A2FBF80} = {B72EBDE2-44D1-4902-9B9A-73E8EEF4B6C6}
	EndGlobalSection
	GlobalSection(MonoDevelopProperties) = preSolution
		StartupItem = cecil\Mono.Cecil.csproj
	EndGlobalSection
EndGlobal
